{
  "version": 4,
  "terraform_version": "1.10.1",
  "serial": 21,
  "lineage": "308ddebf-bcd7-cd4e-2321-5f3fce92c002",
  "outputs": {
    "cluster_id": {
      "value": "bluegreendeploy-cluster",
      "type": "string"
    },
    "node_group_id": {
      "value": "bluegreendeploy-cluster:bluegreendeploy-node-group",
      "type": "string"
    },
    "subnet_ids": {
      "value": [
        "subnet-0de43fc0dacf04ab8",
        "subnet-0d94dc846f70da906"
      ],
      "type": [
        "tuple",
        [
          "string",
          "string"
        ]
      ]
    },
    "vpc_id": {
      "value": "vpc-05599cfa610fc79b7",
      "type": "string"
    }
  },
  "resources": [
    {
      "mode": "managed",
      "type": "aws_eks_cluster",
      "name": "bluegreendeploy",
      "provider": "provider[\"registry.terraform.io/hashicorp/aws\"]",
      "instances": [
        {
          "schema_version": 1,
          "attributes": {
            "access_config": [
              {
                "authentication_mode": "CONFIG_MAP",
                "bootstrap_cluster_creator_admin_permissions": true
              }
            ],
            "arn": "arn:aws:eks:us-east-1:973681297890:cluster/bluegreendeploy-cluster",
            "bootstrap_self_managed_addons": true,
            "certificate_authority": [
              {
                "data": "LS0tLS1CRUdJTiBDRVJUSUZJQ0FURS0tLS0tCk1JSURCVENDQWUyZ0F3SUJBZ0lJWk1xMCt4TmlhSzR3RFFZSktvWklodmNOQVFFTEJRQXdGVEVUTUJFR0ExVUUKQXhNS2EzVmlaWEp1WlhSbGN6QWVGdzB5TkRFeU1EVXhOREF5TkROYUZ3MHpOREV5TURNeE5EQTNORE5hTUJVeApFekFSQmdOVkJBTVRDbXQxWW1WeWJtVjBaWE13Z2dFaU1BMEdDU3FHU0liM0RRRUJBUVVBQTRJQkR3QXdnZ0VLCkFvSUJBUUNiWXBkczFlTnhVZ2tFRmxiNnVEb1hLVDhvVnFPalV1dmpOcDh6UVRDZEI0ZGV2QkhBSGhrVjM2SXcKelEwRVNDK0lib0ZqSWVMNnJVYlE1YXNJYVhIbWZ1UFY1Q1ZNbW5zSEhVcXJIYmkySklxb0lUQzFkd0NOeWtkTgpnTHJsWTFmZitWTzVqYUM3VHZtMWNRc0JuMys0dUpTeDQ3TEc2U2FzeTlodUFGNHlFT3hzZXk2eVJkM2hNMjd6Cjk4TExFV1pOUU9xeW8xemJLS1RqTEhGa0VuNGlmVVJPTDNpSSs2L1hJZk0zdENWUXl6WE8zd1VmQUVlYThGWkkKTUdNUG5PdUovQzMrVyszTHJDaEp3NTNXRmdOcjlNMHZac2E2V0hkRnhseVJtQTBzaVhOOXpqajVwWjZCNktCcApRVW1IeG9yVU9wNFllTHYwMFpJeVVuVGpvQU5qQWdNQkFBR2pXVEJYTUE0R0ExVWREd0VCL3dRRUF3SUNwREFQCkJnTlZIUk1CQWY4RUJUQURBUUgvTUIwR0ExVWREZ1FXQkJUOHJjYlVMYzZQZy9TTjNKOE9YeTZ4VU0vRkN6QVYKQmdOVkhSRUVEakFNZ2dwcmRXSmxjbTVsZEdWek1BMEdDU3FHU0liM0RRRUJDd1VBQTRJQkFRQUQwM0lmb3ZBYQpnZENLY0hEUVplRlYzZlkraCsrUEVsZDhhOUlRcFhBSlpLZnJQKzMrWjFmWVZkUFNIV0VMUjNZcS92Y2hodGNuCmlyWXNWenRYVEZ5b0ZpdzlXbk14ZHpCc3NrcFd6Tk5wcXF2Uk5xUXZVYlFwSXkra01nWXRzRWlXN0w3WTZadTgKV2lkV3gxZy9MOHBFTjMvcWllNklSditzbE5obEtUd3Y1a0RBSUQrNUhiNTlGai9LQ1VaTU9rWkJJN2p1NlRXYQppT1dsTFZoNnpNbTVkSlJNanMvTFVTOUZrbmFDUWNpMVA2MzI0T2YrTmlVbTNyTCtxWkJPRWw2M0ZOam5LS1ZXCko4RWM0RzhaQ2RkR2RNdmJGS09mamJMeFNCTXBPOTV3VE9maitGOGNwN2k3VTEwSllTb3BwZ0J2NWtoQzIvNDUKeDFROFUrSFJPdVM5Ci0tLS0tRU5EIENFUlRJRklDQVRFLS0tLS0K"
              }
            ],
            "cluster_id": null,
            "compute_config": [],
            "created_at": "2024-12-05T14:01:39Z",
            "enabled_cluster_log_types": null,
            "encryption_config": [],
            "endpoint": "https://8567D5DC9B9E15F1B5E78E687F5ABF58.gr7.us-east-1.eks.amazonaws.com",
            "id": "bluegreendeploy-cluster",
            "identity": [
              {
                "oidc": [
                  {
                    "issuer": "https://oidc.eks.us-east-1.amazonaws.com/id/8567D5DC9B9E15F1B5E78E687F5ABF58"
                  }
                ]
              }
            ],
            "kubernetes_network_config": [
              {
                "elastic_load_balancing": [
                  {
                    "enabled": false
                  }
                ],
                "ip_family": "ipv4",
                "service_ipv4_cidr": "172.20.0.0/16",
                "service_ipv6_cidr": ""
              }
            ],
            "name": "bluegreendeploy-cluster",
            "outpost_config": [],
            "platform_version": "eks.12",
            "remote_network_config": [],
            "role_arn": "arn:aws:iam::973681297890:role/bluegreendeploy-cluster-role",
            "status": "ACTIVE",
            "storage_config": [],
            "tags": null,
            "tags_all": {},
            "timeouts": null,
            "upgrade_policy": [
              {
                "support_type": "EXTENDED"
              }
            ],
            "version": "1.31",
            "vpc_config": [
              {
                "cluster_security_group_id": "sg-0ef3207b5579a330b",
                "endpoint_private_access": false,
                "endpoint_public_access": true,
                "public_access_cidrs": [
                  "0.0.0.0/0"
                ],
                "security_group_ids": [
                  "sg-0d0a810404c38e2e0"
                ],
                "subnet_ids": [
                  "subnet-0d94dc846f70da906",
                  "subnet-0de43fc0dacf04ab8"
                ],
                "vpc_id": "vpc-05599cfa610fc79b7"
              }
            ],
            "zonal_shift_config": []
          },
          "sensitive_attributes": [],
          "private": "eyJlMmJmYjczMC1lY2FhLTExZTYtOGY4OC0zNDM2M2JjN2M0YzAiOnsiY3JlYXRlIjoxODAwMDAwMDAwMDAwLCJkZWxldGUiOjkwMDAwMDAwMDAwMCwidXBkYXRlIjozNjAwMDAwMDAwMDAwfSwic2NoZW1hX3ZlcnNpb24iOiIxIn0=",
          "dependencies": [
            "aws_iam_role.bluegreendeploy_cluster_role",
            "aws_security_group.bluegreendeploy_cluster_sg",
            "aws_subnet.bluegreendeploy_subnet",
            "aws_vpc.bluegreendeploy_vpc"
          ]
        }
      ]
    },
    {
      "mode": "managed",
      "type": "aws_eks_node_group",
      "name": "bluegreendeploy",
      "provider": "provider[\"registry.terraform.io/hashicorp/aws\"]",
      "instances": [
        {
          "schema_version": 0,
          "attributes": {
            "ami_type": "AL2023_x86_64_STANDARD",
            "arn": "arn:aws:eks:us-east-1:973681297890:nodegroup/bluegreendeploy-cluster/bluegreendeploy-node-group/c4c9cb94-1101-1586-5716-52502ed8db9c",
            "capacity_type": "ON_DEMAND",
            "cluster_name": "bluegreendeploy-cluster",
            "disk_size": 20,
            "force_update_version": null,
            "id": "bluegreendeploy-cluster:bluegreendeploy-node-group",
            "instance_types": [
              "t2.large"
            ],
            "labels": null,
            "launch_template": [],
            "node_group_name": "bluegreendeploy-node-group",
            "node_group_name_prefix": "",
            "node_role_arn": "arn:aws:iam::973681297890:role/bluegreendeploy-node-group-role",
            "release_version": "1.31.2-20241121",
            "remote_access": [
              {
                "ec2_ssh_key": "k8s-key",
                "source_security_group_ids": [
                  "sg-0ddacf41fac11f13e"
                ]
              }
            ],
            "resources": [
              {
                "autoscaling_groups": [
                  {
                    "name": "eks-bluegreendeploy-node-group-c4c9cb94-1101-1586-5716-52502ed8db9c"
                  }
                ],
                "remote_access_security_group_id": "sg-06779da27b6693b5a"
              }
            ],
            "scaling_config": [
              {
                "desired_size": 3,
                "max_size": 3,
                "min_size": 3
              }
            ],
            "status": "ACTIVE",
            "subnet_ids": [
              "subnet-0d94dc846f70da906",
              "subnet-0de43fc0dacf04ab8"
            ],
            "tags": null,
            "tags_all": {},
            "taint": [],
            "timeouts": null,
            "update_config": [
              {
                "max_unavailable": 1,
                "max_unavailable_percentage": 0
              }
            ],
            "version": "1.31"
          },
          "sensitive_attributes": [],
          "private": "eyJlMmJmYjczMC1lY2FhLTExZTYtOGY4OC0zNDM2M2JjN2M0YzAiOnsiY3JlYXRlIjozNjAwMDAwMDAwMDAwLCJkZWxldGUiOjM2MDAwMDAwMDAwMDAsInVwZGF0ZSI6MzYwMDAwMDAwMDAwMH19",
          "dependencies": [
            "aws_eks_cluster.bluegreendeploy",
            "aws_iam_role.bluegreendeploy_cluster_role",
            "aws_iam_role.bluegreendeploy_node_group_role",
            "aws_security_group.bluegreendeploy_cluster_sg",
            "aws_security_group.bluegreendeploy_node_sg",
            "aws_subnet.bluegreendeploy_subnet",
            "aws_vpc.bluegreendeploy_vpc"
          ]
        }
      ]
    },
    {
      "mode": "managed",
      "type": "aws_iam_role",
      "name": "bluegreendeploy_cluster_role",
      "provider": "provider[\"registry.terraform.io/hashicorp/aws\"]",
      "instances": [
        {
          "schema_version": 0,
          "attributes": {
            "arn": "arn:aws:iam::973681297890:role/bluegreendeploy-cluster-role",
            "assume_role_policy": "{\"Statement\":[{\"Action\":\"sts:AssumeRole\",\"Effect\":\"Allow\",\"Principal\":{\"Service\":\"eks.amazonaws.com\"}}],\"Version\":\"2012-10-17\"}",
            "create_date": "2024-12-05T13:57:38Z",
            "description": "",
            "force_detach_policies": false,
            "id": "bluegreendeploy-cluster-role",
            "inline_policy": [],
            "managed_policy_arns": [
              "arn:aws:iam::aws:policy/AmazonEKSClusterPolicy"
            ],
            "max_session_duration": 3600,
            "name": "bluegreendeploy-cluster-role",
            "name_prefix": "",
            "path": "/",
            "permissions_boundary": "",
            "tags": {},
            "tags_all": {},
            "unique_id": "AROA6FM7NRHRGXG3DCNLS"
          },
          "sensitive_attributes": [],
          "private": "bnVsbA=="
        }
      ]
    },
    {
      "mode": "managed",
      "type": "aws_iam_role",
      "name": "bluegreendeploy_node_group_role",
      "provider": "provider[\"registry.terraform.io/hashicorp/aws\"]",
      "instances": [
        {
          "schema_version": 0,
          "attributes": {
            "arn": "arn:aws:iam::973681297890:role/bluegreendeploy-node-group-role",
            "assume_role_policy": "{\"Statement\":[{\"Action\":\"sts:AssumeRole\",\"Effect\":\"Allow\",\"Principal\":{\"Service\":\"ec2.amazonaws.com\"}}],\"Version\":\"2012-10-17\"}",
            "create_date": "2024-12-05T13:57:38Z",
            "description": "",
            "force_detach_policies": false,
            "id": "bluegreendeploy-node-group-role",
            "inline_policy": [],
            "managed_policy_arns": [
              "arn:aws:iam::aws:policy/AmazonEC2ContainerRegistryReadOnly",
              "arn:aws:iam::aws:policy/AmazonEKSWorkerNodePolicy",
              "arn:aws:iam::aws:policy/AmazonEKS_CNI_Policy"
            ],
            "max_session_duration": 3600,
            "name": "bluegreendeploy-node-group-role",
            "name_prefix": "",
            "path": "/",
            "permissions_boundary": "",
            "tags": {},
            "tags_all": {},
            "unique_id": "AROA6FM7NRHRF7A4CRARH"
          },
          "sensitive_attributes": [],
          "private": "bnVsbA=="
        }
      ]
    },
    {
      "mode": "managed",
      "type": "aws_iam_role_policy_attachment",
      "name": "bluegreendeploy_cluster_role_policy",
      "provider": "provider[\"registry.terraform.io/hashicorp/aws\"]",
      "instances": [
        {
          "schema_version": 0,
          "attributes": {
            "id": "bluegreendeploy-cluster-role-20241205135738925700000004",
            "policy_arn": "arn:aws:iam::aws:policy/AmazonEKSClusterPolicy",
            "role": "bluegreendeploy-cluster-role"
          },
          "sensitive_attributes": [],
          "private": "bnVsbA==",
          "dependencies": [
            "aws_iam_role.bluegreendeploy_cluster_role"
          ]
        }
      ]
    },
    {
      "mode": "managed",
      "type": "aws_iam_role_policy_attachment",
      "name": "bluegreendeploy_node_group_cni_policy",
      "provider": "provider[\"registry.terraform.io/hashicorp/aws\"]",
      "instances": [
        {
          "schema_version": 0,
          "attributes": {
            "id": "bluegreendeploy-node-group-role-20241205135738910000000003",
            "policy_arn": "arn:aws:iam::aws:policy/AmazonEKS_CNI_Policy",
            "role": "bluegreendeploy-node-group-role"
          },
          "sensitive_attributes": [],
          "private": "bnVsbA==",
          "dependencies": [
            "aws_iam_role.bluegreendeploy_node_group_role"
          ]
        }
      ]
    },
    {
      "mode": "managed",
      "type": "aws_iam_role_policy_attachment",
      "name": "bluegreendeploy_node_group_registry_policy",
      "provider": "provider[\"registry.terraform.io/hashicorp/aws\"]",
      "instances": [
        {
          "schema_version": 0,
          "attributes": {
            "id": "bluegreendeploy-node-group-role-20241205135738886700000002",
            "policy_arn": "arn:aws:iam::aws:policy/AmazonEC2ContainerRegistryReadOnly",
            "role": "bluegreendeploy-node-group-role"
          },
          "sensitive_attributes": [],
          "private": "bnVsbA==",
          "dependencies": [
            "aws_iam_role.bluegreendeploy_node_group_role"
          ]
        }
      ]
    },
    {
      "mode": "managed",
      "type": "aws_iam_role_policy_attachment",
      "name": "bluegreendeploy_node_group_role_policy",
      "provider": "provider[\"registry.terraform.io/hashicorp/aws\"]",
      "instances": [
        {
          "schema_version": 0,
          "attributes": {
            "id": "bluegreendeploy-node-group-role-20241205135738871800000001",
            "policy_arn": "arn:aws:iam::aws:policy/AmazonEKSWorkerNodePolicy",
            "role": "bluegreendeploy-node-group-role"
          },
          "sensitive_attributes": [],
          "private": "bnVsbA==",
          "dependencies": [
            "aws_iam_role.bluegreendeploy_node_group_role"
          ]
        }
      ]
    },
    {
      "mode": "managed",
      "type": "aws_internet_gateway",
      "name": "bluegreendeploy_igw",
      "provider": "provider[\"registry.terraform.io/hashicorp/aws\"]",
      "instances": [
        {
          "schema_version": 0,
          "attributes": {
            "arn": "arn:aws:ec2:us-east-1:973681297890:internet-gateway/igw-0787da7db4c6ef3e9",
            "id": "igw-0787da7db4c6ef3e9",
            "owner_id": "973681297890",
            "tags": {
              "Name": "bluegreendeploy-igw"
            },
            "tags_all": {
              "Name": "bluegreendeploy-igw"
            },
            "timeouts": null,
            "vpc_id": "vpc-05599cfa610fc79b7"
          },
          "sensitive_attributes": [],
          "private": "eyJlMmJmYjczMC1lY2FhLTExZTYtOGY4OC0zNDM2M2JjN2M0YzAiOnsiY3JlYXRlIjoxMjAwMDAwMDAwMDAwLCJkZWxldGUiOjEyMDAwMDAwMDAwMDAsInVwZGF0ZSI6MTIwMDAwMDAwMDAwMH19",
          "dependencies": [
            "aws_vpc.bluegreendeploy_vpc"
          ]
        }
      ]
    },
    {
      "mode": "managed",
      "type": "aws_route_table",
      "name": "bluegreendeploy_route_table",
      "provider": "provider[\"registry.terraform.io/hashicorp/aws\"]",
      "instances": [
        {
          "schema_version": 0,
          "attributes": {
            "arn": "arn:aws:ec2:us-east-1:973681297890:route-table/rtb-09788df704492a666",
            "id": "rtb-09788df704492a666",
            "owner_id": "973681297890",
            "propagating_vgws": [],
            "route": [
              {
                "carrier_gateway_id": "",
                "cidr_block": "0.0.0.0/0",
                "core_network_arn": "",
                "destination_prefix_list_id": "",
                "egress_only_gateway_id": "",
                "gateway_id": "igw-0787da7db4c6ef3e9",
                "ipv6_cidr_block": "",
                "local_gateway_id": "",
                "nat_gateway_id": "",
                "network_interface_id": "",
                "transit_gateway_id": "",
                "vpc_endpoint_id": "",
                "vpc_peering_connection_id": ""
              }
            ],
            "tags": {
              "Name": "bluegreendeploy-route-table"
            },
            "tags_all": {
              "Name": "bluegreendeploy-route-table"
            },
            "timeouts": null,
            "vpc_id": "vpc-05599cfa610fc79b7"
          },
          "sensitive_attributes": [],
          "private": "eyJlMmJmYjczMC1lY2FhLTExZTYtOGY4OC0zNDM2M2JjN2M0YzAiOnsiY3JlYXRlIjozMDAwMDAwMDAwMDAsImRlbGV0ZSI6MzAwMDAwMDAwMDAwLCJ1cGRhdGUiOjEyMDAwMDAwMDAwMH19",
          "dependencies": [
            "aws_internet_gateway.bluegreendeploy_igw",
            "aws_vpc.bluegreendeploy_vpc"
          ]
        }
      ]
    },
    {
      "mode": "managed",
      "type": "aws_route_table_association",
      "name": "a",
      "provider": "provider[\"registry.terraform.io/hashicorp/aws\"]",
      "instances": [
        {
          "index_key": 0,
          "schema_version": 0,
          "attributes": {
            "gateway_id": "",
            "id": "rtbassoc-038cd36ca95ac9a59",
            "route_table_id": "rtb-09788df704492a666",
            "subnet_id": "subnet-0de43fc0dacf04ab8",
            "timeouts": null
          },
          "sensitive_attributes": [],
          "private": "eyJlMmJmYjczMC1lY2FhLTExZTYtOGY4OC0zNDM2M2JjN2M0YzAiOnsiY3JlYXRlIjozMDAwMDAwMDAwMDAsImRlbGV0ZSI6MzAwMDAwMDAwMDAwLCJ1cGRhdGUiOjEyMDAwMDAwMDAwMH19",
          "dependencies": [
            "aws_internet_gateway.bluegreendeploy_igw",
            "aws_route_table.bluegreendeploy_route_table",
            "aws_subnet.bluegreendeploy_subnet",
            "aws_vpc.bluegreendeploy_vpc"
          ]
        },
        {
          "index_key": 1,
          "schema_version": 0,
          "attributes": {
            "gateway_id": "",
            "id": "rtbassoc-055f5e559020036ac",
            "route_table_id": "rtb-09788df704492a666",
            "subnet_id": "subnet-0d94dc846f70da906",
            "timeouts": null
          },
          "sensitive_attributes": [],
          "private": "eyJlMmJmYjczMC1lY2FhLTExZTYtOGY4OC0zNDM2M2JjN2M0YzAiOnsiY3JlYXRlIjozMDAwMDAwMDAwMDAsImRlbGV0ZSI6MzAwMDAwMDAwMDAwLCJ1cGRhdGUiOjEyMDAwMDAwMDAwMH19",
          "dependencies": [
            "aws_internet_gateway.bluegreendeploy_igw",
            "aws_route_table.bluegreendeploy_route_table",
            "aws_subnet.bluegreendeploy_subnet",
            "aws_vpc.bluegreendeploy_vpc"
          ]
        }
      ]
    },
    {
      "mode": "managed",
      "type": "aws_security_group",
      "name": "bluegreendeploy_cluster_sg",
      "provider": "provider[\"registry.terraform.io/hashicorp/aws\"]",
      "instances": [
        {
          "schema_version": 1,
          "attributes": {
            "arn": "arn:aws:ec2:us-east-1:973681297890:security-group/sg-0d0a810404c38e2e0",
            "description": "Managed by Terraform",
            "egress": [
              {
                "cidr_blocks": [
                  "0.0.0.0/0"
                ],
                "description": "",
                "from_port": 0,
                "ipv6_cidr_blocks": [],
                "prefix_list_ids": [],
                "protocol": "-1",
                "security_groups": [],
                "self": false,
                "to_port": 0
              }
            ],
            "id": "sg-0d0a810404c38e2e0",
            "ingress": [],
            "name": "terraform-20241205135739698400000005",
            "name_prefix": "terraform-",
            "owner_id": "973681297890",
            "revoke_rules_on_delete": false,
            "tags": {
              "Name": "bluegreendeploy-cluster-sg"
            },
            "tags_all": {
              "Name": "bluegreendeploy-cluster-sg"
            },
            "timeouts": null,
            "vpc_id": "vpc-05599cfa610fc79b7"
          },
          "sensitive_attributes": [],
          "private": "eyJlMmJmYjczMC1lY2FhLTExZTYtOGY4OC0zNDM2M2JjN2M0YzAiOnsiY3JlYXRlIjo2MDAwMDAwMDAwMDAsImRlbGV0ZSI6OTAwMDAwMDAwMDAwfSwic2NoZW1hX3ZlcnNpb24iOiIxIn0=",
          "dependencies": [
            "aws_vpc.bluegreendeploy_vpc"
          ]
        }
      ]
    },
    {
      "mode": "managed",
      "type": "aws_security_group",
      "name": "bluegreendeploy_node_sg",
      "provider": "provider[\"registry.terraform.io/hashicorp/aws\"]",
      "instances": [
        {
          "schema_version": 1,
          "attributes": {
            "arn": "arn:aws:ec2:us-east-1:973681297890:security-group/sg-0ddacf41fac11f13e",
            "description": "Managed by Terraform",
            "egress": [
              {
                "cidr_blocks": [
                  "0.0.0.0/0"
                ],
                "description": "",
                "from_port": 0,
                "ipv6_cidr_blocks": [],
                "prefix_list_ids": [],
                "protocol": "-1",
                "security_groups": [],
                "self": false,
                "to_port": 0
              }
            ],
            "id": "sg-0ddacf41fac11f13e",
            "ingress": [
              {
                "cidr_blocks": [
                  "0.0.0.0/0"
                ],
                "description": "",
                "from_port": 0,
                "ipv6_cidr_blocks": [],
                "prefix_list_ids": [],
                "protocol": "-1",
                "security_groups": [],
                "self": false,
                "to_port": 0
              }
            ],
            "name": "terraform-20241205135739701300000006",
            "name_prefix": "terraform-",
            "owner_id": "973681297890",
            "revoke_rules_on_delete": false,
            "tags": {
              "Name": "bluegreendeploy-node-sg"
            },
            "tags_all": {
              "Name": "bluegreendeploy-node-sg"
            },
            "timeouts": null,
            "vpc_id": "vpc-05599cfa610fc79b7"
          },
          "sensitive_attributes": [],
          "private": "eyJlMmJmYjczMC1lY2FhLTExZTYtOGY4OC0zNDM2M2JjN2M0YzAiOnsiY3JlYXRlIjo2MDAwMDAwMDAwMDAsImRlbGV0ZSI6OTAwMDAwMDAwMDAwfSwic2NoZW1hX3ZlcnNpb24iOiIxIn0=",
          "dependencies": [
            "aws_vpc.bluegreendeploy_vpc"
          ]
        }
      ]
    },
    {
      "mode": "managed",
      "type": "aws_subnet",
      "name": "bluegreendeploy_subnet",
      "provider": "provider[\"registry.terraform.io/hashicorp/aws\"]",
      "instances": [
        {
          "index_key": 0,
          "schema_version": 1,
          "attributes": {
            "arn": "arn:aws:ec2:us-east-1:973681297890:subnet/subnet-0de43fc0dacf04ab8",
            "assign_ipv6_address_on_creation": false,
            "availability_zone": "us-east-1a",
            "availability_zone_id": "use1-az4",
            "cidr_block": "10.0.0.0/24",
            "customer_owned_ipv4_pool": "",
            "enable_dns64": false,
            "enable_lni_at_device_index": 0,
            "enable_resource_name_dns_a_record_on_launch": false,
            "enable_resource_name_dns_aaaa_record_on_launch": false,
            "id": "subnet-0de43fc0dacf04ab8",
            "ipv6_cidr_block": "",
            "ipv6_cidr_block_association_id": "",
            "ipv6_native": false,
            "map_customer_owned_ip_on_launch": false,
            "map_public_ip_on_launch": true,
            "outpost_arn": "",
            "owner_id": "973681297890",
            "private_dns_hostname_type_on_launch": "ip-name",
            "tags": {
              "Name": "bluegreendeploy-subnet-0"
            },
            "tags_all": {
              "Name": "bluegreendeploy-subnet-0"
            },
            "timeouts": null,
            "vpc_id": "vpc-05599cfa610fc79b7"
          },
          "sensitive_attributes": [],
          "private": "eyJlMmJmYjczMC1lY2FhLTExZTYtOGY4OC0zNDM2M2JjN2M0YzAiOnsiY3JlYXRlIjo2MDAwMDAwMDAwMDAsImRlbGV0ZSI6MTIwMDAwMDAwMDAwMH0sInNjaGVtYV92ZXJzaW9uIjoiMSJ9",
          "dependencies": [
            "aws_vpc.bluegreendeploy_vpc"
          ]
        },
        {
          "index_key": 1,
          "schema_version": 1,
          "attributes": {
            "arn": "arn:aws:ec2:us-east-1:973681297890:subnet/subnet-0d94dc846f70da906",
            "assign_ipv6_address_on_creation": false,
            "availability_zone": "us-east-1b",
            "availability_zone_id": "use1-az6",
            "cidr_block": "10.0.1.0/24",
            "customer_owned_ipv4_pool": "",
            "enable_dns64": false,
            "enable_lni_at_device_index": 0,
            "enable_resource_name_dns_a_record_on_launch": false,
            "enable_resource_name_dns_aaaa_record_on_launch": false,
            "id": "subnet-0d94dc846f70da906",
            "ipv6_cidr_block": "",
            "ipv6_cidr_block_association_id": "",
            "ipv6_native": false,
            "map_customer_owned_ip_on_launch": false,
            "map_public_ip_on_launch": true,
            "outpost_arn": "",
            "owner_id": "973681297890",
            "private_dns_hostname_type_on_launch": "ip-name",
            "tags": {
              "Name": "bluegreendeploy-subnet-1"
            },
            "tags_all": {
              "Name": "bluegreendeploy-subnet-1"
            },
            "timeouts": null,
            "vpc_id": "vpc-05599cfa610fc79b7"
          },
          "sensitive_attributes": [],
          "private": "eyJlMmJmYjczMC1lY2FhLTExZTYtOGY4OC0zNDM2M2JjN2M0YzAiOnsiY3JlYXRlIjo2MDAwMDAwMDAwMDAsImRlbGV0ZSI6MTIwMDAwMDAwMDAwMH0sInNjaGVtYV92ZXJzaW9uIjoiMSJ9",
          "dependencies": [
            "aws_vpc.bluegreendeploy_vpc"
          ]
        }
      ]
    },
    {
      "mode": "managed",
      "type": "aws_vpc",
      "name": "bluegreendeploy_vpc",
      "provider": "provider[\"registry.terraform.io/hashicorp/aws\"]",
      "instances": [
        {
          "schema_version": 1,
          "attributes": {
            "arn": "arn:aws:ec2:us-east-1:973681297890:vpc/vpc-05599cfa610fc79b7",
            "assign_generated_ipv6_cidr_block": false,
            "cidr_block": "10.0.0.0/16",
            "default_network_acl_id": "acl-015d236716871240d",
            "default_route_table_id": "rtb-0ceb24e680a54f7d3",
            "default_security_group_id": "sg-0417b5afe9f18e2cb",
            "dhcp_options_id": "dopt-220c6e58",
            "enable_dns_hostnames": false,
            "enable_dns_support": true,
            "enable_network_address_usage_metrics": false,
            "id": "vpc-05599cfa610fc79b7",
            "instance_tenancy": "default",
            "ipv4_ipam_pool_id": null,
            "ipv4_netmask_length": null,
            "ipv6_association_id": "",
            "ipv6_cidr_block": "",
            "ipv6_cidr_block_network_border_group": "",
            "ipv6_ipam_pool_id": "",
            "ipv6_netmask_length": 0,
            "main_route_table_id": "rtb-0ceb24e680a54f7d3",
            "owner_id": "973681297890",
            "tags": {
              "Name": "bluegreendeploy-vpc"
            },
            "tags_all": {
              "Name": "bluegreendeploy-vpc"
            }
          },
          "sensitive_attributes": [],
          "private": "eyJzY2hlbWFfdmVyc2lvbiI6IjEifQ=="
        }
      ]
    }
  ],
  "check_results": null
}
